// !$*UTF8*$!
{
	archiveVersion = 1;
	classes = {
	};
	objectVersion = 56;
	objects = {

/* Begin PBXBuildFile section */
		CE97015B2933693A006C61BE /* AppDelegate.swift in Sources */ = {isa = PBXBuildFile; fileRef = CE97015A2933693A006C61BE /* AppDelegate.swift */; };
		CE97015D2933693A006C61BE /* SceneDelegate.swift in Sources */ = {isa = PBXBuildFile; fileRef = CE97015C2933693A006C61BE /* SceneDelegate.swift */; };
		CE97015F2933693A006C61BE /* ViewController.swift in Sources */ = {isa = PBXBuildFile; fileRef = CE97015E2933693A006C61BE /* ViewController.swift */; };
		CE9701652933693A006C61BE /* Weather.xcdatamodeld in Sources */ = {isa = PBXBuildFile; fileRef = CE9701632933693A006C61BE /* Weather.xcdatamodeld */; };
		CE9701672933693C006C61BE /* Assets.xcassets in Resources */ = {isa = PBXBuildFile; fileRef = CE9701662933693C006C61BE /* Assets.xcassets */; };
		CE97016A2933693C006C61BE /* LaunchScreen.storyboard in Resources */ = {isa = PBXBuildFile; fileRef = CE9701682933693C006C61BE /* LaunchScreen.storyboard */; };
		CE97017429336C26006C61BE /* GeneralViewController.swift in Sources */ = {isa = PBXBuildFile; fileRef = CE97017329336C26006C61BE /* GeneralViewController.swift */; };
		CE9701782933811A006C61BE /* DayDataModel.swift in Sources */ = {isa = PBXBuildFile; fileRef = CE9701772933811A006C61BE /* DayDataModel.swift */; };
		CE97017B2933882D006C61BE /* CitiesTableViewCell.swift in Sources */ = {isa = PBXBuildFile; fileRef = CE97017A2933882D006C61BE /* CitiesTableViewCell.swift */; };
		CE97017E293388AE006C61BE /* SnapKit in Frameworks */ = {isa = PBXBuildFile; productRef = CE97017D293388AE006C61BE /* SnapKit */; };
		CE97018029339AC3006C61BE /* AddCityViewController.swift in Sources */ = {isa = PBXBuildFile; fileRef = CE97017F29339AC3006C61BE /* AddCityViewController.swift */; };
		CE97018229350E6D006C61BE /* GeoDataModel.swift in Sources */ = {isa = PBXBuildFile; fileRef = CE97018129350E6D006C61BE /* GeoDataModel.swift */; };
		CE97018429350E99006C61BE /* HourlyDataModel.swift in Sources */ = {isa = PBXBuildFile; fileRef = CE97018329350E99006C61BE /* HourlyDataModel.swift */; };
		CE97018629350EA8006C61BE /* DailyDataModel.swift in Sources */ = {isa = PBXBuildFile; fileRef = CE97018529350EA8006C61BE /* DailyDataModel.swift */; };
		CE97018829352911006C61BE /* WeatherCardView.swift in Sources */ = {isa = PBXBuildFile; fileRef = CE97018729352911006C61BE /* WeatherCardView.swift */; };
		CE97018B2935399A006C61BE /* CustomClasses.swift in Sources */ = {isa = PBXBuildFile; fileRef = CE97018A2935399A006C61BE /* CustomClasses.swift */; };
		CE97018D2937D4C5006C61BE /* MainWeatherCardTableHeaderView.swift in Sources */ = {isa = PBXBuildFile; fileRef = CE97018C2937D4C5006C61BE /* MainWeatherCardTableHeaderView.swift */; };
/* End PBXBuildFile section */

/* Begin PBXFileReference section */
		CE9701572933693A006C61BE /* Weather.app */ = {isa = PBXFileReference; explicitFileType = wrapper.application; includeInIndex = 0; path = Weather.app; sourceTree = BUILT_PRODUCTS_DIR; };
		CE97015A2933693A006C61BE /* AppDelegate.swift */ = {isa = PBXFileReference; lastKnownFileType = sourcecode.swift; path = AppDelegate.swift; sourceTree = "<group>"; };
		CE97015C2933693A006C61BE /* SceneDelegate.swift */ = {isa = PBXFileReference; lastKnownFileType = sourcecode.swift; path = SceneDelegate.swift; sourceTree = "<group>"; };
		CE97015E2933693A006C61BE /* ViewController.swift */ = {isa = PBXFileReference; lastKnownFileType = sourcecode.swift; path = ViewController.swift; sourceTree = "<group>"; };
		CE9701642933693A006C61BE /* Weather.xcdatamodel */ = {isa = PBXFileReference; lastKnownFileType = wrapper.xcdatamodel; path = Weather.xcdatamodel; sourceTree = "<group>"; };
		CE9701662933693C006C61BE /* Assets.xcassets */ = {isa = PBXFileReference; lastKnownFileType = folder.assetcatalog; path = Assets.xcassets; sourceTree = "<group>"; };
		CE9701692933693C006C61BE /* Base */ = {isa = PBXFileReference; lastKnownFileType = file.storyboard; name = Base; path = Base.lproj/LaunchScreen.storyboard; sourceTree = "<group>"; };
		CE97016B2933693C006C61BE /* Info.plist */ = {isa = PBXFileReference; lastKnownFileType = text.plist.xml; path = Info.plist; sourceTree = "<group>"; };
		CE97017329336C26006C61BE /* GeneralViewController.swift */ = {isa = PBXFileReference; lastKnownFileType = sourcecode.swift; path = GeneralViewController.swift; sourceTree = "<group>"; };
		CE9701772933811A006C61BE /* DayDataModel.swift */ = {isa = PBXFileReference; lastKnownFileType = sourcecode.swift; path = DayDataModel.swift; sourceTree = "<group>"; };
		CE97017A2933882D006C61BE /* CitiesTableViewCell.swift */ = {isa = PBXFileReference; lastKnownFileType = sourcecode.swift; path = CitiesTableViewCell.swift; sourceTree = "<group>"; };
		CE97017F29339AC3006C61BE /* AddCityViewController.swift */ = {isa = PBXFileReference; lastKnownFileType = sourcecode.swift; path = AddCityViewController.swift; sourceTree = "<group>"; };
		CE97018129350E6D006C61BE /* GeoDataModel.swift */ = {isa = PBXFileReference; lastKnownFileType = sourcecode.swift; name = GeoDataModel.swift; path = ../../../../../../../Applications/GeoDataModel.swift; sourceTree = "<group>"; };
		CE97018329350E99006C61BE /* HourlyDataModel.swift */ = {isa = PBXFileReference; lastKnownFileType = sourcecode.swift; path = HourlyDataModel.swift; sourceTree = "<group>"; };
		CE97018529350EA8006C61BE /* DailyDataModel.swift */ = {isa = PBXFileReference; lastKnownFileType = sourcecode.swift; path = DailyDataModel.swift; sourceTree = "<group>"; };
		CE97018729352911006C61BE /* WeatherCardView.swift */ = {isa = PBXFileReference; lastKnownFileType = sourcecode.swift; path = WeatherCardView.swift; sourceTree = "<group>"; };
		CE97018A2935399A006C61BE /* CustomClasses.swift */ = {isa = PBXFileReference; lastKnownFileType = sourcecode.swift; path = CustomClasses.swift; sourceTree = "<group>"; };
		CE97018C2937D4C5006C61BE /* MainWeatherCardTableHeaderView.swift */ = {isa = PBXFileReference; lastKnownFileType = sourcecode.swift; path = MainWeatherCardTableHeaderView.swift; sourceTree = "<group>"; };
/* End PBXFileReference section */

/* Begin PBXFrameworksBuildPhase section */
		CE9701542933693A006C61BE /* Frameworks */ = {
			isa = PBXFrameworksBuildPhase;
			buildActionMask = 2147483647;
			files = (
				CE97017E293388AE006C61BE /* SnapKit in Frameworks */,
			);
			runOnlyForDeploymentPostprocessing = 0;
		};
/* End PBXFrameworksBuildPhase section */

/* Begin PBXGroup section */
		CE97014E2933693A006C61BE = {
			isa = PBXGroup;
			children = (
				CE9701592933693A006C61BE /* Weather */,
				CE9701582933693A006C61BE /* Products */,
			);
			sourceTree = "<group>";
		};
		CE9701582933693A006C61BE /* Products */ = {
			isa = PBXGroup;
			children = (
				CE9701572933693A006C61BE /* Weather.app */,
			);
			name = Products;
			sourceTree = "<group>";
		};
		CE9701592933693A006C61BE /* Weather */ = {
			isa = PBXGroup;
			children = (
				CE97018929353971006C61BE /* CustomUI */,
				CE97015C2933693A006C61BE /* SceneDelegate.swift */,
				CE97017529336C2C006C61BE /* View */,
				CE97017629338105006C61BE /* Model */,
				CE97017229336A02006C61BE /* CoreData */,
				CE970171293369EF006C61BE /* Resourses */,
				CE97015A2933693A006C61BE /* AppDelegate.swift */,
				CE97015E2933693A006C61BE /* ViewController.swift */,
				CE9701682933693C006C61BE /* LaunchScreen.storyboard */,
				CE97016B2933693C006C61BE /* Info.plist */,
			);
			path = Weather;
			sourceTree = "<group>";
		};
		CE970171293369EF006C61BE /* Resourses */ = {
			isa = PBXGroup;
			children = (
				CE9701662933693C006C61BE /* Assets.xcassets */,
			);
			path = Resourses;
			sourceTree = "<group>";
		};
		CE97017229336A02006C61BE /* CoreData */ = {
			isa = PBXGroup;
			children = (
				CE9701632933693A006C61BE /* Weather.xcdatamodeld */,
			);
			path = CoreData;
			sourceTree = "<group>";
		};
		CE97017529336C2C006C61BE /* View */ = {
			isa = PBXGroup;
			children = (
				CE97017929338805006C61BE /* Cells */,
				CE97017329336C26006C61BE /* GeneralViewController.swift */,
				CE97017F29339AC3006C61BE /* AddCityViewController.swift */,
				CE97018729352911006C61BE /* WeatherCardView.swift */,
				CE97018C2937D4C5006C61BE /* MainWeatherCardTableHeaderView.swift */,
			);
			path = View;
			sourceTree = "<group>";
		};
		CE97017629338105006C61BE /* Model */ = {
			isa = PBXGroup;
			children = (
				CE9701772933811A006C61BE /* DayDataModel.swift */,
				CE97018129350E6D006C61BE /* GeoDataModel.swift */,
				CE97018329350E99006C61BE /* HourlyDataModel.swift */,
				CE97018529350EA8006C61BE /* DailyDataModel.swift */,
			);
			path = Model;
			sourceTree = "<group>";
		};
		CE97017929338805006C61BE /* Cells */ = {
			isa = PBXGroup;
			children = (
				CE97017A2933882D006C61BE /* CitiesTableViewCell.swift */,
			);
			path = Cells;
			sourceTree = "<group>";
		};
		CE97018929353971006C61BE /* CustomUI */ = {
			isa = PBXGroup;
			children = (
				CE97018A2935399A006C61BE /* CustomClasses.swift */,
			);
			path = CustomUI;
			sourceTree = "<group>";
		};
/* End PBXGroup section */

/* Begin PBXNativeTarget section */
		CE9701562933693A006C61BE /* Weather */ = {
			isa = PBXNativeTarget;
			buildConfigurationList = CE97016E2933693C006C61BE /* Build configuration list for PBXNativeTarget "Weather" */;
			buildPhases = (
				CE9701532933693A006C61BE /* Sources */,
				CE9701542933693A006C61BE /* Frameworks */,
				CE9701552933693A006C61BE /* Resources */,
			);
			buildRules = (
			);
			dependencies = (
			);
			name = Weather;
			packageProductDependencies = (
				CE97017D293388AE006C61BE /* SnapKit */,
			);
			productName = Weather;
			productReference = CE9701572933693A006C61BE /* Weather.app */;
			productType = "com.apple.product-type.application";
		};
/* End PBXNativeTarget section */

/* Begin PBXProject section */
		CE97014F2933693A006C61BE /* Project object */ = {
			isa = PBXProject;
			attributes = {
				BuildIndependentTargetsInParallel = 1;
				LastSwiftUpdateCheck = 1400;
				LastUpgradeCheck = 1400;
				TargetAttributes = {
					CE9701562933693A006C61BE = {
						CreatedOnToolsVersion = 14.0.1;
					};
				};
			};
			buildConfigurationList = CE9701522933693A006C61BE /* Build configuration list for PBXProject "Weather" */;
			compatibilityVersion = "Xcode 14.0";
			developmentRegion = en;
			hasScannedForEncodings = 0;
			knownRegions = (
				en,
				Base,
			);
			mainGroup = CE97014E2933693A006C61BE;
			packageReferences = (
				CE97017C293388AE006C61BE /* XCRemoteSwiftPackageReference "SnapKit" */,
			);
			productRefGroup = CE9701582933693A006C61BE /* Products */;
			projectDirPath = "";
			projectRoot = "";
			targets = (
				CE9701562933693A006C61BE /* Weather */,
			);
		};
/* End PBXProject section */

/* Begin PBXResourcesBuildPhase section */
		CE9701552933693A006C61BE /* Resources */ = {
			isa = PBXResourcesBuildPhase;
			buildActionMask = 2147483647;
			files = (
				CE97016A2933693C006C61BE /* LaunchScreen.storyboard in Resources */,
				CE9701672933693C006C61BE /* Assets.xcassets in Resources */,
			);
			runOnlyForDeploymentPostprocessing = 0;
		};
/* End PBXResourcesBuildPhase section */

/* Begin PBXSourcesBuildPhase section */
		CE9701532933693A006C61BE /* Sources */ = {
			isa = PBXSourcesBuildPhase;
			buildActionMask = 2147483647;
			files = (
				CE97018629350EA8006C61BE /* DailyDataModel.swift in Sources */,
				CE97018D2937D4C5006C61BE /* MainWeatherCardTableHeaderView.swift in Sources */,
				CE9701652933693A006C61BE /* Weather.xcdatamodeld in Sources */,
				CE9701782933811A006C61BE /* DayDataModel.swift in Sources */,
				CE97015F2933693A006C61BE /* ViewController.swift in Sources */,
				CE97017429336C26006C61BE /* GeneralViewController.swift in Sources */,
				CE97018B2935399A006C61BE /* CustomClasses.swift in Sources */,
				CE97015B2933693A006C61BE /* AppDelegate.swift in Sources */,
				CE97015D2933693A006C61BE /* SceneDelegate.swift in Sources */,
				CE97018429350E99006C61BE /* HourlyDataModel.swift in Sources */,
				CE97018229350E6D006C61BE /* GeoDataModel.swift in Sources */,
				CE97017B2933882D006C61BE /* CitiesTableViewCell.swift in Sources */,
				CE97018829352911006C61BE /* WeatherCardView.swift in Sources */,
				CE97018029339AC3006C61BE /* AddCityViewController.swift in Sources */,
			);
			runOnlyForDeploymentPostprocessing = 0;
		};
/* End PBXSourcesBuildPhase section */

/* Begin PBXVariantGroup section */
		CE9701682933693C006C61BE /* LaunchScreen.storyboard */ = {
			isa = PBXVariantGroup;
			children = (
				CE9701692933693C006C61BE /* Base */,
			);
			name = LaunchScreen.storyboard;
			sourceTree = "<group>";
		};
/* End PBXVariantGroup section */

/* Begin XCBuildConfiguration section */
		CE97016C2933693C006C61BE /* Debug */ = {
			isa = XCBuildConfiguration;
			buildSettings = {
				ALWAYS_SEARCH_USER_PATHS = NO;
				CLANG_ANALYZER_NONNULL = YES;
				CLANG_ANALYZER_NUMBER_OBJECT_CONVERSION = YES_AGGRESSIVE;
				CLANG_CXX_LANGUAGE_STANDARD = "gnu++20";
				CLANG_ENABLE_MODULES = YES;
				CLANG_ENABLE_OBJC_ARC = YES;
				CLANG_ENABLE_OBJC_WEAK = YES;
				CLANG_WARN_BLOCK_CAPTURE_AUTORELEASING = YES;
				CLANG_WARN_BOOL_CONVERSION = YES;
				CLANG_WARN_COMMA = YES;
				CLANG_WARN_CONSTANT_CONVERSION = YES;
				CLANG_WARN_DEPRECATED_OBJC_IMPLEMENTATIONS = YES;
				CLANG_WARN_DIRECT_OBJC_ISA_USAGE = YES_ERROR;
				CLANG_WARN_DOCUMENTATION_COMMENTS = YES;
				CLANG_WARN_EMPTY_BODY = YES;
				CLANG_WARN_ENUM_CONVERSION = YES;
				CLANG_WARN_INFINITE_RECURSION = YES;
				CLANG_WARN_INT_CONVERSION = YES;
				CLANG_WARN_NON_LITERAL_NULL_CONVERSION = YES;
				CLANG_WARN_OBJC_IMPLICIT_RETAIN_SELF = YES;
				CLANG_WARN_OBJC_LITERAL_CONVERSION = YES;
				CLANG_WARN_OBJC_ROOT_CLASS = YES_ERROR;
				CLANG_WARN_QUOTED_INCLUDE_IN_FRAMEWORK_HEADER = YES;
				CLANG_WARN_RANGE_LOOP_ANALYSIS = YES;
				CLANG_WARN_STRICT_PROTOTYPES = YES;
				CLANG_WARN_SUSPICIOUS_MOVE = YES;
				CLANG_WARN_UNGUARDED_AVAILABILITY = YES_AGGRESSIVE;
				CLANG_WARN_UNREACHABLE_CODE = YES;
				CLANG_WARN__DUPLICATE_METHOD_MATCH = YES;
				COPY_PHASE_STRIP = NO;
				DEBUG_INFORMATION_FORMAT = dwarf;
				ENABLE_STRICT_OBJC_MSGSEND = YES;
				ENABLE_TESTABILITY = YES;
				GCC_C_LANGUAGE_STANDARD = gnu11;
				GCC_DYNAMIC_NO_PIC = NO;
				GCC_NO_COMMON_BLOCKS = YES;
				GCC_OPTIMIZATION_LEVEL = 0;
				GCC_PREPROCESSOR_DEFINITIONS = (
					"DEBUG=1",
					"$(inherited)",
				);
				GCC_WARN_64_TO_32_BIT_CONVERSION = YES;
				GCC_WARN_ABOUT_RETURN_TYPE = YES_ERROR;
				GCC_WARN_UNDECLARED_SELECTOR = YES;
				GCC_WARN_UNINITIALIZED_AUTOS = YES_AGGRESSIVE;
				GCC_WARN_UNUSED_FUNCTION = YES;
				GCC_WARN_UNUSED_VARIABLE = YES;
				IPHONEOS_DEPLOYMENT_TARGET = 16.0;
				MTL_ENABLE_DEBUG_INFO = INCLUDE_SOURCE;
				MTL_FAST_MATH = YES;
				ONLY_ACTIVE_ARCH = YES;
				SDKROOT = iphoneos;
				SWIFT_ACTIVE_COMPILATION_CONDITIONS = DEBUG;
				SWIFT_OPTIMIZATION_LEVEL = "-Onone";
			};
			name = Debug;
		};
		CE97016D2933693C006C61BE /* Release */ = {
			isa = XCBuildConfiguration;
			buildSettings = {
				ALWAYS_SEARCH_USER_PATHS = NO;
				CLANG_ANALYZER_NONNULL = YES;
				CLANG_ANALYZER_NUMBER_OBJECT_CONVERSION = YES_AGGRESSIVE;
				CLANG_CXX_LANGUAGE_STANDARD = "gnu++20";
				CLANG_ENABLE_MODULES = YES;
				CLANG_ENABLE_OBJC_ARC = YES;
				CLANG_ENABLE_OBJC_WEAK = YES;
				CLANG_WARN_BLOCK_CAPTURE_AUTORELEASING = YES;
				CLANG_WARN_BOOL_CONVERSION = YES;
				CLANG_WARN_COMMA = YES;
				CLANG_WARN_CONSTANT_CONVERSION = YES;
				CLANG_WARN_DEPRECATED_OBJC_IMPLEMENTATIONS = YES;
				CLANG_WARN_DIRECT_OBJC_ISA_USAGE = YES_ERROR;
				CLANG_WARN_DOCUMENTATION_COMMENTS = YES;
				CLANG_WARN_EMPTY_BODY = YES;
				CLANG_WARN_ENUM_CONVERSION = YES;
				CLANG_WARN_INFINITE_RECURSION = YES;
				CLANG_WARN_INT_CONVERSION = YES;
				CLANG_WARN_NON_LITERAL_NULL_CONVERSION = YES;
				CLANG_WARN_OBJC_IMPLICIT_RETAIN_SELF = YES;
				CLANG_WARN_OBJC_LITERAL_CONVERSION = YES;
				CLANG_WARN_OBJC_ROOT_CLASS = YES_ERROR;
				CLANG_WARN_QUOTED_INCLUDE_IN_FRAMEWORK_HEADER = YES;
				CLANG_WARN_RANGE_LOOP_ANALYSIS = YES;
				CLANG_WARN_STRICT_PROTOTYPES = YES;
				CLANG_WARN_SUSPICIOUS_MOVE = YES;
				CLANG_WARN_UNGUARDED_AVAILABILITY = YES_AGGRESSIVE;
				CLANG_WARN_UNREACHABLE_CODE = YES;
				CLANG_WARN__DUPLICATE_METHOD_MATCH = YES;
				COPY_PHASE_STRIP = NO;
				DEBUG_INFORMATION_FORMAT = "dwarf-with-dsym";
				ENABLE_NS_ASSERTIONS = NO;
				ENABLE_STRICT_OBJC_MSGSEND = YES;
				GCC_C_LANGUAGE_STANDARD = gnu11;
				GCC_NO_COMMON_BLOCKS = YES;
				GCC_WARN_64_TO_32_BIT_CONVERSION = YES;
				GCC_WARN_ABOUT_RETURN_TYPE = YES_ERROR;
				GCC_WARN_UNDECLARED_SELECTOR = YES;
				GCC_WARN_UNINITIALIZED_AUTOS = YES_AGGRESSIVE;
				GCC_WARN_UNUSED_FUNCTION = YES;
				GCC_WARN_UNUSED_VARIABLE = YES;
				IPHONEOS_DEPLOYMENT_TARGET = 16.0;
				MTL_ENABLE_DEBUG_INFO = NO;
				MTL_FAST_MATH = YES;
				SDKROOT = iphoneos;
				SWIFT_COMPILATION_MODE = wholemodule;
				SWIFT_OPTIMIZATION_LEVEL = "-O";
				VALIDATE_PRODUCT = YES;
			};
			name = Release;
		};
		CE97016F2933693C006C61BE /* Debug */ = {
			isa = XCBuildConfiguration;
			buildSettings = {
				ASSETCATALOG_COMPILER_APPICON_NAME = AppIcon;
				ASSETCATALOG_COMPILER_GLOBAL_ACCENT_COLOR_NAME = AccentColor;
				CODE_SIGN_STYLE = Automatic;
				CURRENT_PROJECT_VERSION = 1;
				DEVELOPMENT_TEAM = TDYKKCNQAF;
				GENERATE_INFOPLIST_FILE = YES;
				INFOPLIST_FILE = Weather/Info.plist;
				INFOPLIST_KEY_UIApplicationSupportsIndirectInputEvents = YES;
				INFOPLIST_KEY_UILaunchStoryboardName = LaunchScreen;
				INFOPLIST_KEY_UISupportedInterfaceOrientations_iPad = "UIInterfaceOrientationPortrait UIInterfaceOrientationPortraitUpsideDown UIInterfaceOrientationLandscapeLeft UIInterfaceOrientationLandscapeRight";
				INFOPLIST_KEY_UISupportedInterfaceOrientations_iPhone = "UIInterfaceOrientationPortrait UIInterfaceOrientationLandscapeLeft UIInterfaceOrientationLandscapeRight";
				LD_RUNPATH_SEARCH_PATHS = (
					"$(inherited)",
					"@executable_path/Frameworks",
				);
				MARKETING_VERSION = 1.0;
				PRODUCT_BUNDLE_IDENTIFIER = com.SimonApps.Weather;
				PRODUCT_NAME = "$(TARGET_NAME)";
				SWIFT_EMIT_LOC_STRINGS = YES;
				SWIFT_VERSION = 5.0;
				TARGETED_DEVICE_FAMILY = "1,2";
			};
			name = Debug;
		};
		CE9701702933693C006C61BE /* Release */ = {
			isa = XCBuildConfiguration;
			buildSettings = {
				ASSETCATALOG_COMPILER_APPICON_NAME = AppIcon;
				ASSETCATALOG_COMPILER_GLOBAL_ACCENT_COLOR_NAME = AccentColor;
				CODE_SIGN_STYLE = Automatic;
				CURRENT_PROJECT_VERSION = 1;
				DEVELOPMENT_TEAM = TDYKKCNQAF;
				GENERATE_INFOPLIST_FILE = YES;
				INFOPLIST_FILE = Weather/Info.plist;
				INFOPLIST_KEY_UIApplicationSupportsIndirectInputEvents = YES;
				INFOPLIST_KEY_UILaunchStoryboardName = LaunchScreen;
				INFOPLIST_KEY_UISupportedInterfaceOrientations_iPad = "UIInterfaceOrientationPortrait UIInterfaceOrientationPortraitUpsideDown UIInterfaceOrientationLandscapeLeft UIInterfaceOrientationLandscapeRight";
				INFOPLIST_KEY_UISupportedInterfaceOrientations_iPhone = "UIInterfaceOrientationPortrait UIInterfaceOrientationLandscapeLeft UIInterfaceOrientationLandscapeRight";
				LD_RUNPATH_SEARCH_PATHS = (
					"$(inherited)",
					"@executable_path/Frameworks",
				);
				MARKETING_VERSION = 1.0;
				PRODUCT_BUNDLE_IDENTIFIER = com.SimonApps.Weather;
				PRODUCT_NAME = "$(TARGET_NAME)";
				SWIFT_EMIT_LOC_STRINGS = YES;
				SWIFT_VERSION = 5.0;
				TARGETED_DEVICE_FAMILY = "1,2";
			};
			name = Release;
		};
/* End XCBuildConfiguration section */

/* Begin XCConfigurationList section */
		CE9701522933693A006C61BE /* Build configuration list for PBXProject "Weather" */ = {
			isa = XCConfigurationList;
			buildConfigurations = (
				CE97016C2933693C006C61BE /* Debug */,
				CE97016D2933693C006C61BE /* Release */,
			);
			defaultConfigurationIsVisible = 0;
			defaultConfigurationName = Release;
		};
		CE97016E2933693C006C61BE /* Build configuration list for PBXNativeTarget "Weather" */ = {
			isa = XCConfigurationList;
			buildConfigurations = (
				CE97016F2933693C006C61BE /* Debug */,
				CE9701702933693C006C61BE /* Release */,
			);
			defaultConfigurationIsVisible = 0;
			defaultConfigurationName = Release;
		};
/* End XCConfigurationList section */

/* Begin XCRemoteSwiftPackageReference section */
		CE97017C293388AE006C61BE /* XCRemoteSwiftPackageReference "SnapKit" */ = {
			isa = XCRemoteSwiftPackageReference;
			repositoryURL = "https://github.com/SnapKit/SnapKit.git";
			requirement = {
				kind = upToNextMinorVersion;
				minimumVersion = 5.6.0;
			};
		};
/* End XCRemoteSwiftPackageReference section */

/* Begin XCSwiftPackageProductDependency section */
		CE97017D293388AE006C61BE /* SnapKit */ = {
			isa = XCSwiftPackageProductDependency;
			package = CE97017C293388AE006C61BE /* XCRemoteSwiftPackageReference "SnapKit" */;
			productName = SnapKit;
		};
/* End XCSwiftPackageProductDependency section */

/* Begin XCVersionGroup section */
		CE9701632933693A006C61BE /* Weather.xcdatamodeld */ = {
			isa = XCVersionGroup;
			children = (
				CE9701642933693A006C61BE /* Weather.xcdatamodel */,
			);
			currentVersion = CE9701642933693A006C61BE /* Weather.xcdatamodel */;
			path = Weather.xcdatamodeld;
			sourceTree = "<group>";
			versionGroupType = wrapper.xcdatamodel;
		};
/* End XCVersionGroup section */
	};
	rootObject = CE97014F2933693A006C61BE /* Project object */;
}
